
Microsoft Visual Studio Solution File, Format Version 12.00
# Visual Studio Version 17
VisualStudioVersion = 17.14.36109.1 d17.14
MinimumVisualStudioVersion = 10.0.40219.1
Project("{FAE04EC0-301F-11D3-BF4B-00C04F79EFBC}") = "RichConnect", "RichConnect.csproj", "{BD6181CB-D6B0-46FA-9070-FAF14D1832ED}"
EndProject
Global
	GlobalSection(SolutionConfigurationPlatforms) = preSolution
		Debug|Any CPU = Debug|Any CPU
		Release|Any CPU = Release|Any CPU
	EndGlobalSection
	GlobalSection(ProjectConfigurationPlatforms) = postSolution
		{BD6181CB-D6B0-46FA-9070-FAF14D1832ED}.Debug|Any CPU.ActiveCfg = Debug|Any CPU
		{BD6181CB-D6B0-46FA-9070-FAF14D1832ED}.Debug|Any CPU.Build.0 = Debug|Any CPU
		{BD6181CB-D6B0-46FA-9070-FAF14D1832ED}.Release|Any CPU.ActiveCfg = Release|Any CPU
		{BD6181CB-D6B0-46FA-9070-FAF14D1832ED}.Release|Any CPU.Build.0 = Release|Any CPU
	EndGlobalSection
	GlobalSection(SolutionProperties) = preSolution
		HideSolutionNode = FALSE
	EndGlobalSection
	GlobalSection(ExtensibilityGlobals) = postSolution
		SolutionGuid = {7CB94F9F-0D0A-4413-AA66-F0B8267D1662}
	EndGlobalSection
EndGlobal
